
Microsoft Visual Studio Solution File, Format Version 12.00
# Visual Studio Version 16
VisualStudioVersion = 16.0.31025.194
MinimumVisualStudioVersion = 10.0.40219.1
Project("{2150E333-8FDC-42A3-9474-1A3956D46DE8}") = "01.Clients", "01.Clients", "{67C4937B-94EC-4052-9B06-5461B4C100E1}"
EndProject
Project("{2150E333-8FDC-42A3-9474-1A3956D46DE8}") = "02.ApiGateways", "02.ApiGateways", "{BDAEA15B-6CD0-4FDD-A918-5B75DCACBF08}"
EndProject
Project("{2150E333-8FDC-42A3-9474-1A3956D46DE8}") = "03.Services", "03.Services", "{4635C467-6EF3-43B6-9B22-B6989E33EB93}"
EndProject
Project("{2150E333-8FDC-42A3-9474-1A3956D46DE8}") = "01.Identity", "01.Identity", "{B893654A-EF8F-4956-85D5-238211261E17}"
EndProject
Project("{2150E333-8FDC-42A3-9474-1A3956D46DE8}") = "02.Catalog", "02.Catalog", "{D139D8C7-2A75-4475-9E12-AA1F7B075A46}"
EndProject
Project("{2150E333-8FDC-42A3-9474-1A3956D46DE8}") = "03.Customer", "03.Customer", "{0DD587E7-9583-4973-B12E-DED46FE26987}"
EndProject
Project("{2150E333-8FDC-42A3-9474-1A3956D46DE8}") = "04.Order", "04.Order", "{71631F18-FC96-4D77-BFBF-D03FCCDAD0F0}"
EndProject
Project("{9A19103F-16F7-4668-BE54-9A1E7A4F7556}") = "Catalog.Api", "src\Services\Catalog\Catalog.Api\Catalog.Api.csproj", "{A74E52A0-6C15-4CBC-87A8-A9FD84A17634}"
EndProject
Project("{2150E333-8FDC-42A3-9474-1A3956D46DE8}") = "01.API", "01.API", "{D09C1113-9ED9-4481-98A7-9C3638A065FF}"
EndProject
Project("{2150E333-8FDC-42A3-9474-1A3956D46DE8}") = "02.Services", "02.Services", "{38CC4B33-996C-4ECA-9E48-0E4FD06CFA6F}"
EndProject
Project("{2150E333-8FDC-42A3-9474-1A3956D46DE8}") = "03.Persistence", "03.Persistence", "{90D6BB9D-97E5-4707-94DA-42EC54D18D18}"
EndProject
Project("{2150E333-8FDC-42A3-9474-1A3956D46DE8}") = "04.Models", "04.Models", "{24B493B4-AB78-46BE-9B9B-EB6438B4B070}"
EndProject
Project("{9A19103F-16F7-4668-BE54-9A1E7A4F7556}") = "Catalog.Domain", "src\Services\Catalog\Catalog.Domain\Catalog.Domain.csproj", "{31A51B47-5239-4190-A9FB-C32E5A0EB61D}"
EndProject
Project("{9A19103F-16F7-4668-BE54-9A1E7A4F7556}") = "Catalog.Persistence.Database", "src\Services\Catalog\Catalog.Persistence.Database\Catalog.Persistence.Database.csproj", "{2FD70B72-CFF0-4337-8721-981A289A5973}"
EndProject
Project("{9A19103F-16F7-4668-BE54-9A1E7A4F7556}") = "Catalog.Service.Queries", "src\Services\Catalog\Catalog.Service.Queries\Catalog.Service.Queries.csproj", "{9355E523-C767-4198-9D72-39D71BB0A67E}"
EndProject
Project("{2150E333-8FDC-42A3-9474-1A3956D46DE8}") = "Common", "Common", "{26EA3A82-ED7C-42D0-9724-E5C1A2FFF2EB}"
EndProject
Project("{9A19103F-16F7-4668-BE54-9A1E7A4F7556}") = "Service.Common.Collection", "src\Services\Service.Common.Collection\Service.Common.Collection.csproj", "{897AC038-62E1-456D-89EC-040EBFEC0E02}"
EndProject
Project("{9A19103F-16F7-4668-BE54-9A1E7A4F7556}") = "Service.Common.Mapping", "src\Services\Service.Common.Mapping\Service.Common.Mapping.csproj", "{082F944F-D082-4146-8887-3A74EE2F3493}"
EndProject
Project("{9A19103F-16F7-4668-BE54-9A1E7A4F7556}") = "Service.Common.Paging", "src\Services\Service.Common.Paging\Service.Common.Paging.csproj", "{0F472C92-D9F5-4ABA-9C57-BB46209B4133}"
EndProject
Project("{9A19103F-16F7-4668-BE54-9A1E7A4F7556}") = "Catalog.Service.EventHandlers", "src\Services\Catalog\Catalog.Service.EventHandlers\Catalog.Service.EventHandlers.csproj", "{183AD463-9735-4125-BB0C-2E1F57FB4AA2}"
EndProject
Project("{2150E333-8FDC-42A3-9474-1A3956D46DE8}") = "05.Common", "05.Common", "{9B114895-3FF3-4253-8902-E525336FADAA}"
EndProject
Project("{9A19103F-16F7-4668-BE54-9A1E7A4F7556}") = "Catalog.Common", "src\Services\Catalog\Catalog.Common\Catalog.Common.csproj", "{7D0DEA4F-5D37-4812-AB10-AB23D9045FCC}"
EndProject
Project("{2150E333-8FDC-42A3-9474-1A3956D46DE8}") = "01.API", "01.API", "{866191DF-94BE-4064-82E0-63196159B56C}"
EndProject
Project("{2150E333-8FDC-42A3-9474-1A3956D46DE8}") = "02.Services", "02.Services", "{F47B9A31-3AA4-4E2D-BB6A-1FCE62DFC12E}"
EndProject
Project("{2150E333-8FDC-42A3-9474-1A3956D46DE8}") = "03.Persistence", "03.Persistence", "{A01D31E6-094F-4C55-B407-87A7A07FF247}"
EndProject
Project("{2150E333-8FDC-42A3-9474-1A3956D46DE8}") = "04.Models", "04.Models", "{C9D16F52-F7AB-4DD3-8225-3D184AEB2529}"
EndProject
Project("{2150E333-8FDC-42A3-9474-1A3956D46DE8}") = "05.Testing", "05.Testing", "{9DC87287-66E8-4C87-8281-52518D189C7B}"
EndProject
Project("{9A19103F-16F7-4668-BE54-9A1E7A4F7556}") = "Identity.Domain", "src\Services\Identity\Identity.Domain\Identity.Domain.csproj", "{458B3185-AC64-4C86-97F0-3949A1EB4991}"
EndProject
Project("{9A19103F-16F7-4668-BE54-9A1E7A4F7556}") = "Identity.Persistence.Database", "src\Services\Identity\Identity.Persistence.Database\Identity.Persistence.Database.csproj", "{9A11E7BA-534A-444F-B6A4-C00A0610FE28}"
EndProject
Project("{9A19103F-16F7-4668-BE54-9A1E7A4F7556}") = "Identity.Api", "src\Services\Identity\Identity.Api\Identity.Api.csproj", "{9B074684-6DE4-48FA-A8DC-8A682426BF7A}"
EndProject
Project("{2150E333-8FDC-42A3-9474-1A3956D46DE8}") = "06.Testing", "06.Testing", "{782E7AB3-410A-40DE-AD2A-8935A334BBD4}"
EndProject
Project("{2150E333-8FDC-42A3-9474-1A3956D46DE8}") = "01.API", "01.API", "{89190BC7-DC20-43EC-8ADF-F0F42C82184C}"
EndProject
Project("{2150E333-8FDC-42A3-9474-1A3956D46DE8}") = "02.Services", "02.Services", "{345B886D-8CFB-4DF9-BD19-24C3E4247C42}"
EndProject
Project("{2150E333-8FDC-42A3-9474-1A3956D46DE8}") = "03.Persistence", "03.Persistence", "{8C8ED38D-BD3A-4968-9AFA-AAF41B0E6512}"
EndProject
Project("{2150E333-8FDC-42A3-9474-1A3956D46DE8}") = "04.Models", "04.Models", "{3AC482F2-F268-43A5-A651-C5986E8B77BA}"
EndProject
Project("{2150E333-8FDC-42A3-9474-1A3956D46DE8}") = "05.Common", "05.Common", "{7078B080-D36E-4CDE-BBE4-A148A22DEF07}"
EndProject
Project("{2150E333-8FDC-42A3-9474-1A3956D46DE8}") = "06.Testing", "06.Testing", "{0DC22BF6-698E-406D-8BBF-18362405B495}"
EndProject
Project("{FAE04EC0-301F-11D3-BF4B-00C04F79EFBC}") = "Customer.Api", "src\Services\Customer\Customer.Api\Customer.Api.csproj", "{1007CBD9-7F42-41CE-AAA3-44B8BC88544F}"
EndProject
Project("{FAE04EC0-301F-11D3-BF4B-00C04F79EFBC}") = "Customer.Service.EventHandlers", "src\Services\Customer\Customer.Service.EventHandler\Customer.Service.EventHandlers.csproj", "{285BEC53-84B3-49E6-BE28-727229C4F2CD}"
EndProject
Project("{FAE04EC0-301F-11D3-BF4B-00C04F79EFBC}") = "Customer.Service.Queries", "src\Services\Customer\Customer.Service.Queries\Customer.Service.Queries.csproj", "{9D749CB4-119B-4032-8D52-B7A69C90789C}"
EndProject
Project("{FAE04EC0-301F-11D3-BF4B-00C04F79EFBC}") = "Customer.Domain", "src\Services\Customer\Customer.Domain\Customer.Domain.csproj", "{2B00FC70-DC2F-418D-9742-8B3D1101F15B}"
EndProject
Project("{FAE04EC0-301F-11D3-BF4B-00C04F79EFBC}") = "Customer.Persistence.Database", "src\Services\Customer\Cusstomer.Persistence.Database\Customer.Persistence.Database.csproj", "{B971CA58-2834-4AC5-AE5E-6476984F4C0F}"
EndProject
Global
	GlobalSection(SolutionConfigurationPlatforms) = preSolution
		Debug|Any CPU = Debug|Any CPU
		Release|Any CPU = Release|Any CPU
	EndGlobalSection
	GlobalSection(ProjectConfigurationPlatforms) = postSolution
		{A74E52A0-6C15-4CBC-87A8-A9FD84A17634}.Debug|Any CPU.ActiveCfg = Debug|Any CPU
		{A74E52A0-6C15-4CBC-87A8-A9FD84A17634}.Debug|Any CPU.Build.0 = Debug|Any CPU
		{A74E52A0-6C15-4CBC-87A8-A9FD84A17634}.Release|Any CPU.ActiveCfg = Release|Any CPU
		{A74E52A0-6C15-4CBC-87A8-A9FD84A17634}.Release|Any CPU.Build.0 = Release|Any CPU
		{31A51B47-5239-4190-A9FB-C32E5A0EB61D}.Debug|Any CPU.ActiveCfg = Debug|Any CPU
		{31A51B47-5239-4190-A9FB-C32E5A0EB61D}.Debug|Any CPU.Build.0 = Debug|Any CPU
		{31A51B47-5239-4190-A9FB-C32E5A0EB61D}.Release|Any CPU.ActiveCfg = Release|Any CPU
		{31A51B47-5239-4190-A9FB-C32E5A0EB61D}.Release|Any CPU.Build.0 = Release|Any CPU
		{2FD70B72-CFF0-4337-8721-981A289A5973}.Debug|Any CPU.ActiveCfg = Debug|Any CPU
		{2FD70B72-CFF0-4337-8721-981A289A5973}.Debug|Any CPU.Build.0 = Debug|Any CPU
		{2FD70B72-CFF0-4337-8721-981A289A5973}.Release|Any CPU.ActiveCfg = Release|Any CPU
		{2FD70B72-CFF0-4337-8721-981A289A5973}.Release|Any CPU.Build.0 = Release|Any CPU
		{9355E523-C767-4198-9D72-39D71BB0A67E}.Debug|Any CPU.ActiveCfg = Debug|Any CPU
		{9355E523-C767-4198-9D72-39D71BB0A67E}.Debug|Any CPU.Build.0 = Debug|Any CPU
		{9355E523-C767-4198-9D72-39D71BB0A67E}.Release|Any CPU.ActiveCfg = Release|Any CPU
		{9355E523-C767-4198-9D72-39D71BB0A67E}.Release|Any CPU.Build.0 = Release|Any CPU
		{897AC038-62E1-456D-89EC-040EBFEC0E02}.Debug|Any CPU.ActiveCfg = Debug|Any CPU
		{897AC038-62E1-456D-89EC-040EBFEC0E02}.Debug|Any CPU.Build.0 = Debug|Any CPU
		{897AC038-62E1-456D-89EC-040EBFEC0E02}.Release|Any CPU.ActiveCfg = Release|Any CPU
		{897AC038-62E1-456D-89EC-040EBFEC0E02}.Release|Any CPU.Build.0 = Release|Any CPU
		{082F944F-D082-4146-8887-3A74EE2F3493}.Debug|Any CPU.ActiveCfg = Debug|Any CPU
		{082F944F-D082-4146-8887-3A74EE2F3493}.Debug|Any CPU.Build.0 = Debug|Any CPU
		{082F944F-D082-4146-8887-3A74EE2F3493}.Release|Any CPU.ActiveCfg = Release|Any CPU
		{082F944F-D082-4146-8887-3A74EE2F3493}.Release|Any CPU.Build.0 = Release|Any CPU
		{0F472C92-D9F5-4ABA-9C57-BB46209B4133}.Debug|Any CPU.ActiveCfg = Debug|Any CPU
		{0F472C92-D9F5-4ABA-9C57-BB46209B4133}.Debug|Any CPU.Build.0 = Debug|Any CPU
		{0F472C92-D9F5-4ABA-9C57-BB46209B4133}.Release|Any CPU.ActiveCfg = Release|Any CPU
		{0F472C92-D9F5-4ABA-9C57-BB46209B4133}.Release|Any CPU.Build.0 = Release|Any CPU
		{183AD463-9735-4125-BB0C-2E1F57FB4AA2}.Debug|Any CPU.ActiveCfg = Debug|Any CPU
		{183AD463-9735-4125-BB0C-2E1F57FB4AA2}.Debug|Any CPU.Build.0 = Debug|Any CPU
		{183AD463-9735-4125-BB0C-2E1F57FB4AA2}.Release|Any CPU.ActiveCfg = Release|Any CPU
		{183AD463-9735-4125-BB0C-2E1F57FB4AA2}.Release|Any CPU.Build.0 = Release|Any CPU
		{7D0DEA4F-5D37-4812-AB10-AB23D9045FCC}.Debug|Any CPU.ActiveCfg = Debug|Any CPU
		{7D0DEA4F-5D37-4812-AB10-AB23D9045FCC}.Debug|Any CPU.Build.0 = Debug|Any CPU
		{7D0DEA4F-5D37-4812-AB10-AB23D9045FCC}.Release|Any CPU.ActiveCfg = Release|Any CPU
		{7D0DEA4F-5D37-4812-AB10-AB23D9045FCC}.Release|Any CPU.Build.0 = Release|Any CPU
		{458B3185-AC64-4C86-97F0-3949A1EB4991}.Debug|Any CPU.ActiveCfg = Debug|Any CPU
		{458B3185-AC64-4C86-97F0-3949A1EB4991}.Debug|Any CPU.Build.0 = Debug|Any CPU
		{458B3185-AC64-4C86-97F0-3949A1EB4991}.Release|Any CPU.ActiveCfg = Release|Any CPU
		{458B3185-AC64-4C86-97F0-3949A1EB4991}.Release|Any CPU.Build.0 = Release|Any CPU
		{9A11E7BA-534A-444F-B6A4-C00A0610FE28}.Debug|Any CPU.ActiveCfg = Debug|Any CPU
		{9A11E7BA-534A-444F-B6A4-C00A0610FE28}.Debug|Any CPU.Build.0 = Debug|Any CPU
		{9A11E7BA-534A-444F-B6A4-C00A0610FE28}.Release|Any CPU.ActiveCfg = Release|Any CPU
		{9A11E7BA-534A-444F-B6A4-C00A0610FE28}.Release|Any CPU.Build.0 = Release|Any CPU
		{9B074684-6DE4-48FA-A8DC-8A682426BF7A}.Debug|Any CPU.ActiveCfg = Debug|Any CPU
		{9B074684-6DE4-48FA-A8DC-8A682426BF7A}.Debug|Any CPU.Build.0 = Debug|Any CPU
		{9B074684-6DE4-48FA-A8DC-8A682426BF7A}.Release|Any CPU.ActiveCfg = Release|Any CPU
		{9B074684-6DE4-48FA-A8DC-8A682426BF7A}.Release|Any CPU.Build.0 = Release|Any CPU
		{1007CBD9-7F42-41CE-AAA3-44B8BC88544F}.Debug|Any CPU.ActiveCfg = Debug|Any CPU
		{1007CBD9-7F42-41CE-AAA3-44B8BC88544F}.Debug|Any CPU.Build.0 = Debug|Any CPU
		{1007CBD9-7F42-41CE-AAA3-44B8BC88544F}.Release|Any CPU.ActiveCfg = Release|Any CPU
		{1007CBD9-7F42-41CE-AAA3-44B8BC88544F}.Release|Any CPU.Build.0 = Release|Any CPU
		{285BEC53-84B3-49E6-BE28-727229C4F2CD}.Debug|Any CPU.ActiveCfg = Debug|Any CPU
		{285BEC53-84B3-49E6-BE28-727229C4F2CD}.Debug|Any CPU.Build.0 = Debug|Any CPU
		{285BEC53-84B3-49E6-BE28-727229C4F2CD}.Release|Any CPU.ActiveCfg = Release|Any CPU
		{285BEC53-84B3-49E6-BE28-727229C4F2CD}.Release|Any CPU.Build.0 = Release|Any CPU
		{9D749CB4-119B-4032-8D52-B7A69C90789C}.Debug|Any CPU.ActiveCfg = Debug|Any CPU
		{9D749CB4-119B-4032-8D52-B7A69C90789C}.Debug|Any CPU.Build.0 = Debug|Any CPU
		{9D749CB4-119B-4032-8D52-B7A69C90789C}.Release|Any CPU.ActiveCfg = Release|Any CPU
		{9D749CB4-119B-4032-8D52-B7A69C90789C}.Release|Any CPU.Build.0 = Release|Any CPU
		{2B00FC70-DC2F-418D-9742-8B3D1101F15B}.Debug|Any CPU.ActiveCfg = Debug|Any CPU
		{2B00FC70-DC2F-418D-9742-8B3D1101F15B}.Debug|Any CPU.Build.0 = Debug|Any CPU
		{2B00FC70-DC2F-418D-9742-8B3D1101F15B}.Release|Any CPU.ActiveCfg = Release|Any CPU
		{2B00FC70-DC2F-418D-9742-8B3D1101F15B}.Release|Any CPU.Build.0 = Release|Any CPU
		{B971CA58-2834-4AC5-AE5E-6476984F4C0F}.Debug|Any CPU.ActiveCfg = Debug|Any CPU
		{B971CA58-2834-4AC5-AE5E-6476984F4C0F}.Debug|Any CPU.Build.0 = Debug|Any CPU
		{B971CA58-2834-4AC5-AE5E-6476984F4C0F}.Release|Any CPU.ActiveCfg = Release|Any CPU
		{B971CA58-2834-4AC5-AE5E-6476984F4C0F}.Release|Any CPU.Build.0 = Release|Any CPU
	EndGlobalSection
	GlobalSection(SolutionProperties) = preSolution
		HideSolutionNode = FALSE
	EndGlobalSection
	GlobalSection(NestedProjects) = preSolution
		{B893654A-EF8F-4956-85D5-238211261E17} = {4635C467-6EF3-43B6-9B22-B6989E33EB93}
		{D139D8C7-2A75-4475-9E12-AA1F7B075A46} = {4635C467-6EF3-43B6-9B22-B6989E33EB93}
		{0DD587E7-9583-4973-B12E-DED46FE26987} = {4635C467-6EF3-43B6-9B22-B6989E33EB93}
		{71631F18-FC96-4D77-BFBF-D03FCCDAD0F0} = {4635C467-6EF3-43B6-9B22-B6989E33EB93}
		{A74E52A0-6C15-4CBC-87A8-A9FD84A17634} = {D09C1113-9ED9-4481-98A7-9C3638A065FF}
		{D09C1113-9ED9-4481-98A7-9C3638A065FF} = {D139D8C7-2A75-4475-9E12-AA1F7B075A46}
		{38CC4B33-996C-4ECA-9E48-0E4FD06CFA6F} = {D139D8C7-2A75-4475-9E12-AA1F7B075A46}
		{90D6BB9D-97E5-4707-94DA-42EC54D18D18} = {D139D8C7-2A75-4475-9E12-AA1F7B075A46}
		{24B493B4-AB78-46BE-9B9B-EB6438B4B070} = {D139D8C7-2A75-4475-9E12-AA1F7B075A46}
		{31A51B47-5239-4190-A9FB-C32E5A0EB61D} = {24B493B4-AB78-46BE-9B9B-EB6438B4B070}
		{2FD70B72-CFF0-4337-8721-981A289A5973} = {90D6BB9D-97E5-4707-94DA-42EC54D18D18}
		{9355E523-C767-4198-9D72-39D71BB0A67E} = {38CC4B33-996C-4ECA-9E48-0E4FD06CFA6F}
		{26EA3A82-ED7C-42D0-9724-E5C1A2FFF2EB} = {4635C467-6EF3-43B6-9B22-B6989E33EB93}
		{897AC038-62E1-456D-89EC-040EBFEC0E02} = {26EA3A82-ED7C-42D0-9724-E5C1A2FFF2EB}
		{082F944F-D082-4146-8887-3A74EE2F3493} = {26EA3A82-ED7C-42D0-9724-E5C1A2FFF2EB}
		{0F472C92-D9F5-4ABA-9C57-BB46209B4133} = {26EA3A82-ED7C-42D0-9724-E5C1A2FFF2EB}
		{183AD463-9735-4125-BB0C-2E1F57FB4AA2} = {38CC4B33-996C-4ECA-9E48-0E4FD06CFA6F}
		{9B114895-3FF3-4253-8902-E525336FADAA} = {D139D8C7-2A75-4475-9E12-AA1F7B075A46}
		{7D0DEA4F-5D37-4812-AB10-AB23D9045FCC} = {9B114895-3FF3-4253-8902-E525336FADAA}
		{866191DF-94BE-4064-82E0-63196159B56C} = {B893654A-EF8F-4956-85D5-238211261E17}
		{F47B9A31-3AA4-4E2D-BB6A-1FCE62DFC12E} = {B893654A-EF8F-4956-85D5-238211261E17}
		{A01D31E6-094F-4C55-B407-87A7A07FF247} = {B893654A-EF8F-4956-85D5-238211261E17}
		{C9D16F52-F7AB-4DD3-8225-3D184AEB2529} = {B893654A-EF8F-4956-85D5-238211261E17}
		{9DC87287-66E8-4C87-8281-52518D189C7B} = {B893654A-EF8F-4956-85D5-238211261E17}
		{458B3185-AC64-4C86-97F0-3949A1EB4991} = {C9D16F52-F7AB-4DD3-8225-3D184AEB2529}
		{9A11E7BA-534A-444F-B6A4-C00A0610FE28} = {A01D31E6-094F-4C55-B407-87A7A07FF247}
		{9B074684-6DE4-48FA-A8DC-8A682426BF7A} = {866191DF-94BE-4064-82E0-63196159B56C}
		{782E7AB3-410A-40DE-AD2A-8935A334BBD4} = {D139D8C7-2A75-4475-9E12-AA1F7B075A46}
		{89190BC7-DC20-43EC-8ADF-F0F42C82184C} = {0DD587E7-9583-4973-B12E-DED46FE26987}
		{345B886D-8CFB-4DF9-BD19-24C3E4247C42} = {0DD587E7-9583-4973-B12E-DED46FE26987}
		{8C8ED38D-BD3A-4968-9AFA-AAF41B0E6512} = {0DD587E7-9583-4973-B12E-DED46FE26987}
		{3AC482F2-F268-43A5-A651-C5986E8B77BA} = {0DD587E7-9583-4973-B12E-DED46FE26987}
		{7078B080-D36E-4CDE-BBE4-A148A22DEF07} = {0DD587E7-9583-4973-B12E-DED46FE26987}
		{0DC22BF6-698E-406D-8BBF-18362405B495} = {0DD587E7-9583-4973-B12E-DED46FE26987}
		{1007CBD9-7F42-41CE-AAA3-44B8BC88544F} = {89190BC7-DC20-43EC-8ADF-F0F42C82184C}
		{285BEC53-84B3-49E6-BE28-727229C4F2CD} = {345B886D-8CFB-4DF9-BD19-24C3E4247C42}
		{9D749CB4-119B-4032-8D52-B7A69C90789C} = {345B886D-8CFB-4DF9-BD19-24C3E4247C42}
		{2B00FC70-DC2F-418D-9742-8B3D1101F15B} = {3AC482F2-F268-43A5-A651-C5986E8B77BA}
		{B971CA58-2834-4AC5-AE5E-6476984F4C0F} = {8C8ED38D-BD3A-4968-9AFA-AAF41B0E6512}
	EndGlobalSection
	GlobalSection(ExtensibilityGlobals) = postSolution
		SolutionGuid = {C40F7F78-6654-4372-86C4-5BEFCDB2AB63}
	EndGlobalSection
EndGlobal
